
Microsoft Visual Studio Solution File, Format Version 12.00
# Visual Studio for Mac
Project("{FAE04EC0-301F-11D3-BF4B-00C04F79EFBC}") = "Moving the Player", "Moving the Player.csproj", "{B0A24927-A756-AFAA-29DC-4166F14E608A}"
EndProject
Project("{FAE04EC0-301F-11D3-BF4B-00C04F79EFBC}") = "Moving the Player.Plugins", "Moving the Player.Plugins.csproj", "{E8825A35-2802-2DE9-4336-541DACAA73A8}"
EndProject
Project("{FAE04EC0-301F-11D3-BF4B-00C04F79EFBC}") = "Moving the Player.Editor.Plugins", "Moving the Player.Editor.Plugins.csproj", "{EC1A0ABD-320C-C5A2-9404-777B4EEC0C42}"
EndProject
Global
	GlobalSection(SolutionConfigurationPlatforms) = preSolution
		Debug|Any CPU = Debug|Any CPU
		Release|Any CPU = Release|Any CPU
	EndGlobalSection
	GlobalSection(ProjectConfigurationPlatforms) = postSolution
		{B0A24927-A756-AFAA-29DC-4166F14E608A}.Debug|Any CPU.ActiveCfg = Debug|Any CPU
		{B0A24927-A756-AFAA-29DC-4166F14E608A}.Debug|Any CPU.Build.0 = Debug|Any CPU
		{B0A24927-A756-AFAA-29DC-4166F14E608A}.Release|Any CPU.ActiveCfg = Release|Any CPU
		{B0A24927-A756-AFAA-29DC-4166F14E608A}.Release|Any CPU.Build.0 = Release|Any CPU
		{E8825A35-2802-2DE9-4336-541DACAA73A8}.Debug|Any CPU.ActiveCfg = Debug|Any CPU
		{E8825A35-2802-2DE9-4336-541DACAA73A8}.Debug|Any CPU.Build.0 = Debug|Any CPU
		{E8825A35-2802-2DE9-4336-541DACAA73A8}.Release|Any CPU.ActiveCfg = Release|Any CPU
		{E8825A35-2802-2DE9-4336-541DACAA73A8}.Release|Any CPU.Build.0 = Release|Any CPU
		{EC1A0ABD-320C-C5A2-9404-777B4EEC0C42}.Debug|Any CPU.ActiveCfg = Debug|Any CPU
		{EC1A0ABD-320C-C5A2-9404-777B4EEC0C42}.Debug|Any CPU.Build.0 = Debug|Any CPU
		{EC1A0ABD-320C-C5A2-9404-777B4EEC0C42}.Release|Any CPU.ActiveCfg = Release|Any CPU
		{EC1A0ABD-320C-C5A2-9404-777B4EEC0C42}.Release|Any CPU.Build.0 = Release|Any CPU
	EndGlobalSection
	GlobalSection(SolutionProperties) = preSolution
		HideSolutionNode = FALSE
	EndGlobalSection
EndGlobal
